{
  "name": "jaun-crm-customer-360",
  "version": "0.0.0-phase0",
  "lockfileVersion": 3,
  "requires": true,
  "packages": {
    "": {
      "name": "jaun-crm-customer-360",
      "version": "0.0.0-phase0",
      "devDependencies": {
        "@electric-sql/pglite": "0.4.1"
      },
      "engines": {
        "node": ">=22"
      }
    },
    "node_modules/@electric-sql/pglite": {
      "version": "0.4.1",
      "resolved": "https://registry.npmjs.org/@electric-sql/pglite/-/pglite-0.4.1.tgz",
      "integrity": "sha512-mZ9NzzUSYPOCnxHH1oAHPRzoMFJHY472raDKwXl/+6oPbpdJ7g8LsCN4FSaIIfkiCKHhb3iF/Zqo3NYxaIhU7Q==",
      "dev": true,
      "license": "Apache-2.0"
    }
  }
}
